
Microsoft Visual Studio Solution File, Format Version 12.00
# Visual Studio Version 17
VisualStudioVersion = 17.3.32901.215
MinimumVisualStudioVersion = 10.0.40219.1
Project("{FAE04EC0-301F-11D3-BF4B-00C04F79EFBC}") = "RMZBuildingMS", "RMZBuildingMS\RMZBuildingMS.csproj", "{E9A545DE-84E8-45B4-B9B8-7F7C9AF29729}"
EndProject
Global
	GlobalSection(SolutionConfigurationPlatforms) = preSolution
		Debug|Any CPU = Debug|Any CPU
		Release|Any CPU = Release|Any CPU
	EndGlobalSection
	GlobalSection(ProjectConfigurationPlatforms) = postSolution
		{E9A545DE-84E8-45B4-B9B8-7F7C9AF29729}.Debug|Any CPU.ActiveCfg = Debug|Any CPU
		{E9A545DE-84E8-45B4-B9B8-7F7C9AF29729}.Debug|Any CPU.Build.0 = Debug|Any CPU
		{E9A545DE-84E8-45B4-B9B8-7F7C9AF29729}.Release|Any CPU.ActiveCfg = Release|Any CPU
		{E9A545DE-84E8-45B4-B9B8-7F7C9AF29729}.Release|Any CPU.Build.0 = Release|Any CPU
	EndGlobalSection
	GlobalSection(SolutionProperties) = preSolution
		HideSolutionNode = FALSE
	EndGlobalSection
	GlobalSection(ExtensibilityGlobals) = postSolution
		SolutionGuid = {57C8D8AB-82DB-47F5-BE0E-3B7441559872}
	EndGlobalSection
EndGlobal
